// !$*UTF8*$!
{
	archiveVersion = 1;
	classes = {
	};
	objectVersion = 50;
	objects = {

/* Begin PBXBuildFile section */
		6745511324F2D07D000D777F /* AppDelegate.swift in Sources */ = {isa = PBXBuildFile; fileRef = 6745511224F2D07D000D777F /* AppDelegate.swift */; };
		6745511524F2D07D000D777F /* SceneDelegate.swift in Sources */ = {isa = PBXBuildFile; fileRef = 6745511424F2D07D000D777F /* SceneDelegate.swift */; };
		6745511724F2D07D000D777F /* RecipesListViewController.swift in Sources */ = {isa = PBXBuildFile; fileRef = 6745511624F2D07D000D777F /* RecipesListViewController.swift */; };
		6745511A24F2D07D000D777F /* Main.storyboard in Resources */ = {isa = PBXBuildFile; fileRef = 6745511824F2D07D000D777F /* Main.storyboard */; };
		6745511C24F2D07D000D777F /* Assets.xcassets in Resources */ = {isa = PBXBuildFile; fileRef = 6745511B24F2D07D000D777F /* Assets.xcassets */; };
		6745511F24F2D07D000D777F /* LaunchScreen.storyboard in Resources */ = {isa = PBXBuildFile; fileRef = 6745511D24F2D07D000D777F /* LaunchScreen.storyboard */; };
		6745512A24F2D07D000D777F /* LetsCookTests.swift in Sources */ = {isa = PBXBuildFile; fileRef = 6745512924F2D07D000D777F /* LetsCookTests.swift */; };
		6745514724F2D526000D777F /* RecipesListRepositoryProtocol.swift in Sources */ = {isa = PBXBuildFile; fileRef = 6745514624F2D526000D777F /* RecipesListRepositoryProtocol.swift */; };
		6745514924F2D658000D777F /* RecipeDTO.swift in Sources */ = {isa = PBXBuildFile; fileRef = 6745514824F2D658000D777F /* RecipeDTO.swift */; };
		6745514B24F2D6AC000D777F /* RecipeDetailDTO.swift in Sources */ = {isa = PBXBuildFile; fileRef = 6745514A24F2D6AC000D777F /* RecipeDetailDTO.swift */; };
		6745514D24F2D7BA000D777F /* RecipesListRepository.swift in Sources */ = {isa = PBXBuildFile; fileRef = 6745514C24F2D7BA000D777F /* RecipesListRepository.swift */; };
		6745514F24F2D807000D777F /* RecipesListMockRepository.swift in Sources */ = {isa = PBXBuildFile; fileRef = 6745514E24F2D807000D777F /* RecipesListMockRepository.swift */; };
		6745515124F2D864000D777F /* AppEndpoints.swift in Sources */ = {isa = PBXBuildFile; fileRef = 6745515024F2D864000D777F /* AppEndpoints.swift */; };
		6745515324F2D91A000D777F /* Network.swift in Sources */ = {isa = PBXBuildFile; fileRef = 6745515224F2D91A000D777F /* Network.swift */; };
		6745515524F2D94E000D777F /* NetworkError.swift in Sources */ = {isa = PBXBuildFile; fileRef = 6745515424F2D94E000D777F /* NetworkError.swift */; };
		6745515724F2DB75000D777F /* RecipesListUseCaseProtocol.swift in Sources */ = {isa = PBXBuildFile; fileRef = 6745515624F2DB75000D777F /* RecipesListUseCaseProtocol.swift */; };
		6745515924F2DBCE000D777F /* RecipesListUseCase.swift in Sources */ = {isa = PBXBuildFile; fileRef = 6745515824F2DBCE000D777F /* RecipesListUseCase.swift */; };
		6745515B24F2DEFA000D777F /* BaseViewController.swift in Sources */ = {isa = PBXBuildFile; fileRef = 6745515A24F2DEFA000D777F /* BaseViewController.swift */; };
		6745515D24F2E649000D777F /* RecipeTableViewCell.swift in Sources */ = {isa = PBXBuildFile; fileRef = 6745515C24F2E649000D777F /* RecipeTableViewCell.swift */; };
		6745516124F2EB5A000D777F /* RecipeDetailRepositoryProtocol.swift in Sources */ = {isa = PBXBuildFile; fileRef = 6745516024F2EB5A000D777F /* RecipeDetailRepositoryProtocol.swift */; };
		6745516324F2EBC1000D777F /* RecipeDetailRepository.swift in Sources */ = {isa = PBXBuildFile; fileRef = 6745516224F2EBC1000D777F /* RecipeDetailRepository.swift */; };
		6745516524F2ED0A000D777F /* RecipeDetailUseCaseProtocol.swift in Sources */ = {isa = PBXBuildFile; fileRef = 6745516424F2ED0A000D777F /* RecipeDetailUseCaseProtocol.swift */; };
		6745516724F2ED95000D777F /* RecipeDetailUseCase.swift in Sources */ = {isa = PBXBuildFile; fileRef = 6745516624F2ED95000D777F /* RecipeDetailUseCase.swift */; };
		6745516924F2EEAF000D777F /* RecipeDetailViewController.swift in Sources */ = {isa = PBXBuildFile; fileRef = 6745516824F2EEAF000D777F /* RecipeDetailViewController.swift */; };
		6745516B24F2F038000D777F /* RecipeDetailView.swift in Sources */ = {isa = PBXBuildFile; fileRef = 6745516A24F2F038000D777F /* RecipeDetailView.swift */; };
/* End PBXBuildFile section */

/* Begin PBXContainerItemProxy section */
		6745512624F2D07D000D777F /* PBXContainerItemProxy */ = {
			isa = PBXContainerItemProxy;
			containerPortal = 6745510724F2D07D000D777F /* Project object */;
			proxyType = 1;
			remoteGlobalIDString = 6745510E24F2D07D000D777F;
			remoteInfo = LetsCook;
		};
/* End PBXContainerItemProxy section */

/* Begin PBXFileReference section */
		6745510F24F2D07D000D777F /* LetsCook.app */ = {isa = PBXFileReference; explicitFileType = wrapper.application; includeInIndex = 0; path = LetsCook.app; sourceTree = BUILT_PRODUCTS_DIR; };
		6745511224F2D07D000D777F /* AppDelegate.swift */ = {isa = PBXFileReference; lastKnownFileType = sourcecode.swift; path = AppDelegate.swift; sourceTree = "<group>"; };
		6745511424F2D07D000D777F /* SceneDelegate.swift */ = {isa = PBXFileReference; lastKnownFileType = sourcecode.swift; path = SceneDelegate.swift; sourceTree = "<group>"; };
		6745511624F2D07D000D777F /* RecipesListViewController.swift */ = {isa = PBXFileReference; lastKnownFileType = sourcecode.swift; path = RecipesListViewController.swift; sourceTree = "<group>"; };
		6745511924F2D07D000D777F /* Base */ = {isa = PBXFileReference; lastKnownFileType = file.storyboard; name = Base; path = Base.lproj/Main.storyboard; sourceTree = "<group>"; };
		6745511B24F2D07D000D777F /* Assets.xcassets */ = {isa = PBXFileReference; lastKnownFileType = folder.assetcatalog; path = Assets.xcassets; sourceTree = "<group>"; };
		6745511E24F2D07D000D777F /* Base */ = {isa = PBXFileReference; lastKnownFileType = file.storyboard; name = Base; path = Base.lproj/LaunchScreen.storyboard; sourceTree = "<group>"; };
		6745512024F2D07D000D777F /* Info.plist */ = {isa = PBXFileReference; lastKnownFileType = text.plist.xml; path = Info.plist; sourceTree = "<group>"; };
		6745512524F2D07D000D777F /* LetsCookTests.xctest */ = {isa = PBXFileReference; explicitFileType = wrapper.cfbundle; includeInIndex = 0; path = LetsCookTests.xctest; sourceTree = BUILT_PRODUCTS_DIR; };
		6745512924F2D07D000D777F /* LetsCookTests.swift */ = {isa = PBXFileReference; lastKnownFileType = sourcecode.swift; path = LetsCookTests.swift; sourceTree = "<group>"; };
		6745512B24F2D07D000D777F /* Info.plist */ = {isa = PBXFileReference; lastKnownFileType = text.plist.xml; path = Info.plist; sourceTree = "<group>"; };
		6745514624F2D526000D777F /* RecipesListRepositoryProtocol.swift */ = {isa = PBXFileReference; lastKnownFileType = sourcecode.swift; path = RecipesListRepositoryProtocol.swift; sourceTree = "<group>"; };
		6745514824F2D658000D777F /* RecipeDTO.swift */ = {isa = PBXFileReference; lastKnownFileType = sourcecode.swift; path = RecipeDTO.swift; sourceTree = "<group>"; };
		6745514A24F2D6AC000D777F /* RecipeDetailDTO.swift */ = {isa = PBXFileReference; lastKnownFileType = sourcecode.swift; path = RecipeDetailDTO.swift; sourceTree = "<group>"; };
		6745514C24F2D7BA000D777F /* RecipesListRepository.swift */ = {isa = PBXFileReference; lastKnownFileType = sourcecode.swift; path = RecipesListRepository.swift; sourceTree = "<group>"; };
		6745514E24F2D807000D777F /* RecipesListMockRepository.swift */ = {isa = PBXFileReference; lastKnownFileType = sourcecode.swift; path = RecipesListMockRepository.swift; sourceTree = "<group>"; };
		6745515024F2D864000D777F /* AppEndpoints.swift */ = {isa = PBXFileReference; lastKnownFileType = sourcecode.swift; path = AppEndpoints.swift; sourceTree = "<group>"; };
		6745515224F2D91A000D777F /* Network.swift */ = {isa = PBXFileReference; lastKnownFileType = sourcecode.swift; path = Network.swift; sourceTree = "<group>"; };
		6745515424F2D94E000D777F /* NetworkError.swift */ = {isa = PBXFileReference; lastKnownFileType = sourcecode.swift; path = NetworkError.swift; sourceTree = "<group>"; };
		6745515624F2DB75000D777F /* RecipesListUseCaseProtocol.swift */ = {isa = PBXFileReference; lastKnownFileType = sourcecode.swift; path = RecipesListUseCaseProtocol.swift; sourceTree = "<group>"; };
		6745515824F2DBCE000D777F /* RecipesListUseCase.swift */ = {isa = PBXFileReference; lastKnownFileType = sourcecode.swift; path = RecipesListUseCase.swift; sourceTree = "<group>"; };
		6745515A24F2DEFA000D777F /* BaseViewController.swift */ = {isa = PBXFileReference; lastKnownFileType = sourcecode.swift; path = BaseViewController.swift; sourceTree = "<group>"; };
		6745515C24F2E649000D777F /* RecipeTableViewCell.swift */ = {isa = PBXFileReference; lastKnownFileType = sourcecode.swift; path = RecipeTableViewCell.swift; sourceTree = "<group>"; };
		6745516024F2EB5A000D777F /* RecipeDetailRepositoryProtocol.swift */ = {isa = PBXFileReference; lastKnownFileType = sourcecode.swift; path = RecipeDetailRepositoryProtocol.swift; sourceTree = "<group>"; };
		6745516224F2EBC1000D777F /* RecipeDetailRepository.swift */ = {isa = PBXFileReference; lastKnownFileType = sourcecode.swift; path = RecipeDetailRepository.swift; sourceTree = "<group>"; };
		6745516424F2ED0A000D777F /* RecipeDetailUseCaseProtocol.swift */ = {isa = PBXFileReference; lastKnownFileType = sourcecode.swift; path = RecipeDetailUseCaseProtocol.swift; sourceTree = "<group>"; };
		6745516624F2ED95000D777F /* RecipeDetailUseCase.swift */ = {isa = PBXFileReference; lastKnownFileType = sourcecode.swift; path = RecipeDetailUseCase.swift; sourceTree = "<group>"; };
		6745516824F2EEAF000D777F /* RecipeDetailViewController.swift */ = {isa = PBXFileReference; lastKnownFileType = sourcecode.swift; path = RecipeDetailViewController.swift; sourceTree = "<group>"; };
		6745516A24F2F038000D777F /* RecipeDetailView.swift */ = {isa = PBXFileReference; lastKnownFileType = sourcecode.swift; path = RecipeDetailView.swift; sourceTree = "<group>"; };
/* End PBXFileReference section */

/* Begin PBXFrameworksBuildPhase section */
		6745510C24F2D07D000D777F /* Frameworks */ = {
			isa = PBXFrameworksBuildPhase;
			buildActionMask = 2147483647;
			files = (
			);
			runOnlyForDeploymentPostprocessing = 0;
		};
		6745512224F2D07D000D777F /* Frameworks */ = {
			isa = PBXFrameworksBuildPhase;
			buildActionMask = 2147483647;
			files = (
			);
			runOnlyForDeploymentPostprocessing = 0;
		};
/* End PBXFrameworksBuildPhase section */

/* Begin PBXGroup section */
		6745510624F2D07D000D777F = {
			isa = PBXGroup;
			children = (
				6745511124F2D07D000D777F /* LetsCook */,
				6745512824F2D07D000D777F /* LetsCookTests */,
				6745511024F2D07D000D777F /* Products */,
			);
			sourceTree = "<group>";
		};
		6745511024F2D07D000D777F /* Products */ = {
			isa = PBXGroup;
			children = (
				6745510F24F2D07D000D777F /* LetsCook.app */,
				6745512524F2D07D000D777F /* LetsCookTests.xctest */,
			);
			name = Products;
			sourceTree = "<group>";
		};
		6745511124F2D07D000D777F /* LetsCook */ = {
			isa = PBXGroup;
			children = (
				6745513624F2D2D3000D777F /* Presentation */,
				6745513524F2D2CE000D777F /* Domain */,
				6745513424F2D2BC000D777F /* Data */,
				6745511224F2D07D000D777F /* AppDelegate.swift */,
				6745511424F2D07D000D777F /* SceneDelegate.swift */,
				6745511B24F2D07D000D777F /* Assets.xcassets */,
				6745511D24F2D07D000D777F /* LaunchScreen.storyboard */,
				6745512024F2D07D000D777F /* Info.plist */,
			);
			path = LetsCook;
			sourceTree = "<group>";
		};
		6745512824F2D07D000D777F /* LetsCookTests */ = {
			isa = PBXGroup;
			children = (
				6745512924F2D07D000D777F /* LetsCookTests.swift */,
				6745512B24F2D07D000D777F /* Info.plist */,
			);
			path = LetsCookTests;
			sourceTree = "<group>";
		};
		6745513424F2D2BC000D777F /* Data */ = {
			isa = PBXGroup;
			children = (
				6745513824F2D319000D777F /* Network */,
				6745513724F2D301000D777F /* Repository */,
			);
			path = Data;
			sourceTree = "<group>";
		};
		6745513524F2D2CE000D777F /* Domain */ = {
			isa = PBXGroup;
			children = (
				6745513A24F2D341000D777F /* UseCases */,
				6745513924F2D334000D777F /* Entities */,
			);
			path = Domain;
			sourceTree = "<group>";
		};
		6745513624F2D2D3000D777F /* Presentation */ = {
			isa = PBXGroup;
			children = (
				6745514124F2D400000D777F /* RecipeDetail */,
				6745514024F2D3DD000D777F /* RecipesList */,
				6745515A24F2DEFA000D777F /* BaseViewController.swift */,
			);
			path = Presentation;
			sourceTree = "<group>";
		};
		6745513724F2D301000D777F /* Repository */ = {
			isa = PBXGroup;
			children = (
				6745514324F2D4E9000D777F /* RecipeDetailRepository */,
				6745514224F2D4D0000D777F /* RecipesListRepository */,
			);
			path = Repository;
			sourceTree = "<group>";
		};
		6745513824F2D319000D777F /* Network */ = {
			isa = PBXGroup;
			children = (
				6745515024F2D864000D777F /* AppEndpoints.swift */,
				6745515224F2D91A000D777F /* Network.swift */,
				6745515424F2D94E000D777F /* NetworkError.swift */,
			);
			path = Network;
			sourceTree = "<group>";
		};
		6745513924F2D334000D777F /* Entities */ = {
			isa = PBXGroup;
			children = (
				6745514824F2D658000D777F /* RecipeDTO.swift */,
				6745514A24F2D6AC000D777F /* RecipeDetailDTO.swift */,
			);
			path = Entities;
			sourceTree = "<group>";
		};
		6745513A24F2D341000D777F /* UseCases */ = {
			isa = PBXGroup;
			children = (
				6745513D24F2D387000D777F /* RecipeDetailUseCase */,
				6745513C24F2D37D000D777F /* RecipesListUseCase */,
			);
			path = UseCases;
			sourceTree = "<group>";
		};
		6745513C24F2D37D000D777F /* RecipesListUseCase */ = {
			isa = PBXGroup;
			children = (
				6745513F24F2D39F000D777F /* Protocols */,
				6745515824F2DBCE000D777F /* RecipesListUseCase.swift */,
			);
			path = RecipesListUseCase;
			sourceTree = "<group>";
		};
		6745513D24F2D387000D777F /* RecipeDetailUseCase */ = {
			isa = PBXGroup;
			children = (
				6745513E24F2D397000D777F /* Protocols */,
				6745516624F2ED95000D777F /* RecipeDetailUseCase.swift */,
			);
			path = RecipeDetailUseCase;
			sourceTree = "<group>";
		};
		6745513E24F2D397000D777F /* Protocols */ = {
			isa = PBXGroup;
			children = (
				6745516424F2ED0A000D777F /* RecipeDetailUseCaseProtocol.swift */,
			);
			path = Protocols;
			sourceTree = "<group>";
		};
		6745513F24F2D39F000D777F /* Protocols */ = {
			isa = PBXGroup;
			children = (
				6745515624F2DB75000D777F /* RecipesListUseCaseProtocol.swift */,
			);
			path = Protocols;
			sourceTree = "<group>";
		};
		6745514024F2D3DD000D777F /* RecipesList */ = {
			isa = PBXGroup;
			children = (
				6745511624F2D07D000D777F /* RecipesListViewController.swift */,
				6745511824F2D07D000D777F /* Main.storyboard */,
				6745515C24F2E649000D777F /* RecipeTableViewCell.swift */,
			);
			path = RecipesList;
			sourceTree = "<group>";
		};
		6745514124F2D400000D777F /* RecipeDetail */ = {
			isa = PBXGroup;
			children = (
				6745516824F2EEAF000D777F /* RecipeDetailViewController.swift */,
				6745516A24F2F038000D777F /* RecipeDetailView.swift */,
			);
			path = RecipeDetail;
			sourceTree = "<group>";
		};
		6745514224F2D4D0000D777F /* RecipesListRepository */ = {
			isa = PBXGroup;
			children = (
				6745514524F2D50A000D777F /* Real */,
				6745514424F2D503000D777F /* Mocks */,
				6745514624F2D526000D777F /* RecipesListRepositoryProtocol.swift */,
			);
			path = RecipesListRepository;
			sourceTree = "<group>";
		};
		6745514324F2D4E9000D777F /* RecipeDetailRepository */ = {
			isa = PBXGroup;
			children = (
				6745515F24F2EB34000D777F /* Mocks */,
				6745515E24F2EB2D000D777F /* Real */,
				6745516024F2EB5A000D777F /* RecipeDetailRepositoryProtocol.swift */,
			);
			path = RecipeDetailRepository;
			sourceTree = "<group>";
		};
		6745514424F2D503000D777F /* Mocks */ = {
			isa = PBXGroup;
			children = (
				6745514E24F2D807000D777F /* RecipesListMockRepository.swift */,
			);
			path = Mocks;
			sourceTree = "<group>";
		};
		6745514524F2D50A000D777F /* Real */ = {
			isa = PBXGroup;
			children = (
				6745514C24F2D7BA000D777F /* RecipesListRepository.swift */,
			);
			path = Real;
			sourceTree = "<group>";
		};
		6745515E24F2EB2D000D777F /* Real */ = {
			isa = PBXGroup;
			children = (
				6745516224F2EBC1000D777F /* RecipeDetailRepository.swift */,
			);
			path = Real;
			sourceTree = "<group>";
		};
		6745515F24F2EB34000D777F /* Mocks */ = {
			isa = PBXGroup;
			children = (
			);
			path = Mocks;
			sourceTree = "<group>";
		};
/* End PBXGroup section */

/* Begin PBXNativeTarget section */
		6745510E24F2D07D000D777F /* LetsCook */ = {
			isa = PBXNativeTarget;
			buildConfigurationList = 6745512E24F2D07D000D777F /* Build configuration list for PBXNativeTarget "LetsCook" */;
			buildPhases = (
				6745510B24F2D07D000D777F /* Sources */,
				6745510C24F2D07D000D777F /* Frameworks */,
				6745510D24F2D07D000D777F /* Resources */,
			);
			buildRules = (
			);
			dependencies = (
			);
			name = LetsCook;
			productName = LetsCook;
			productReference = 6745510F24F2D07D000D777F /* LetsCook.app */;
			productType = "com.apple.product-type.application";
		};
		6745512424F2D07D000D777F /* LetsCookTests */ = {
			isa = PBXNativeTarget;
			buildConfigurationList = 6745513124F2D07D000D777F /* Build configuration list for PBXNativeTarget "LetsCookTests" */;
			buildPhases = (
				6745512124F2D07D000D777F /* Sources */,
				6745512224F2D07D000D777F /* Frameworks */,
				6745512324F2D07D000D777F /* Resources */,
			);
			buildRules = (
			);
			dependencies = (
				6745512724F2D07D000D777F /* PBXTargetDependency */,
			);
			name = LetsCookTests;
			productName = LetsCookTests;
			productReference = 6745512524F2D07D000D777F /* LetsCookTests.xctest */;
			productType = "com.apple.product-type.bundle.unit-test";
		};
/* End PBXNativeTarget section */

/* Begin PBXProject section */
		6745510724F2D07D000D777F /* Project object */ = {
			isa = PBXProject;
			attributes = {
				LastSwiftUpdateCheck = 1160;
				LastUpgradeCheck = 1160;
				ORGANIZATIONNAME = "Juan Florez";
				TargetAttributes = {
					6745510E24F2D07D000D777F = {
						CreatedOnToolsVersion = 11.6;
					};
					6745512424F2D07D000D777F = {
						CreatedOnToolsVersion = 11.6;
						TestTargetID = 6745510E24F2D07D000D777F;
					};
				};
			};
			buildConfigurationList = 6745510A24F2D07D000D777F /* Build configuration list for PBXProject "LetsCook" */;
			compatibilityVersion = "Xcode 9.3";
			developmentRegion = en;
			hasScannedForEncodings = 0;
			knownRegions = (
				en,
				Base,
			);
			mainGroup = 6745510624F2D07D000D777F;
			productRefGroup = 6745511024F2D07D000D777F /* Products */;
			projectDirPath = "";
			projectRoot = "";
			targets = (
				6745510E24F2D07D000D777F /* LetsCook */,
				6745512424F2D07D000D777F /* LetsCookTests */,
			);
		};
/* End PBXProject section */

/* Begin PBXResourcesBuildPhase section */
		6745510D24F2D07D000D777F /* Resources */ = {
			isa = PBXResourcesBuildPhase;
			buildActionMask = 2147483647;
			files = (
				6745511F24F2D07D000D777F /* LaunchScreen.storyboard in Resources */,
				6745511C24F2D07D000D777F /* Assets.xcassets in Resources */,
				6745511A24F2D07D000D777F /* Main.storyboard in Resources */,
			);
			runOnlyForDeploymentPostprocessing = 0;
		};
		6745512324F2D07D000D777F /* Resources */ = {
			isa = PBXResourcesBuildPhase;
			buildActionMask = 2147483647;
			files = (
			);
			runOnlyForDeploymentPostprocessing = 0;
		};
/* End PBXResourcesBuildPhase section */

/* Begin PBXSourcesBuildPhase section */
		6745510B24F2D07D000D777F /* Sources */ = {
			isa = PBXSourcesBuildPhase;
			buildActionMask = 2147483647;
			files = (
				6745515324F2D91A000D777F /* Network.swift in Sources */,
				6745514D24F2D7BA000D777F /* RecipesListRepository.swift in Sources */,
				6745511724F2D07D000D777F /* RecipesListViewController.swift in Sources */,
				6745511324F2D07D000D777F /* AppDelegate.swift in Sources */,
				6745514F24F2D807000D777F /* RecipesListMockRepository.swift in Sources */,
				6745515B24F2DEFA000D777F /* BaseViewController.swift in Sources */,
				6745515D24F2E649000D777F /* RecipeTableViewCell.swift in Sources */,
				6745516B24F2F038000D777F /* RecipeDetailView.swift in Sources */,
				6745516724F2ED95000D777F /* RecipeDetailUseCase.swift in Sources */,
				6745515924F2DBCE000D777F /* RecipesListUseCase.swift in Sources */,
				6745514B24F2D6AC000D777F /* RecipeDetailDTO.swift in Sources */,
				6745511524F2D07D000D777F /* SceneDelegate.swift in Sources */,
				6745516324F2EBC1000D777F /* RecipeDetailRepository.swift in Sources */,
				6745515124F2D864000D777F /* AppEndpoints.swift in Sources */,
				6745516524F2ED0A000D777F /* RecipeDetailUseCaseProtocol.swift in Sources */,
				6745514924F2D658000D777F /* RecipeDTO.swift in Sources */,
				6745516124F2EB5A000D777F /* RecipeDetailRepositoryProtocol.swift in Sources */,
				6745515524F2D94E000D777F /* NetworkError.swift in Sources */,
				6745515724F2DB75000D777F /* RecipesListUseCaseProtocol.swift in Sources */,
				6745516924F2EEAF000D777F /* RecipeDetailViewController.swift in Sources */,
				6745514724F2D526000D777F /* RecipesListRepositoryProtocol.swift in Sources */,
			);
			runOnlyForDeploymentPostprocessing = 0;
		};
		6745512124F2D07D000D777F /* Sources */ = {
			isa = PBXSourcesBuildPhase;
			buildActionMask = 2147483647;
			files = (
				6745512A24F2D07D000D777F /* LetsCookTests.swift in Sources */,
			);
			runOnlyForDeploymentPostprocessing = 0;
		};
/* End PBXSourcesBuildPhase section */

/* Begin PBXTargetDependency section */
		6745512724F2D07D000D777F /* PBXTargetDependency */ = {
			isa = PBXTargetDependency;
			target = 6745510E24F2D07D000D777F /* LetsCook */;
			targetProxy = 6745512624F2D07D000D777F /* PBXContainerItemProxy */;
		};
/* End PBXTargetDependency section */

/* Begin PBXVariantGroup section */
		6745511824F2D07D000D777F /* Main.storyboard */ = {
			isa = PBXVariantGroup;
			children = (
				6745511924F2D07D000D777F /* Base */,
			);
			name = Main.storyboard;
			sourceTree = "<group>";
		};
		6745511D24F2D07D000D777F /* LaunchScreen.storyboard */ = {
			isa = PBXVariantGroup;
			children = (
				6745511E24F2D07D000D777F /* Base */,
			);
			name = LaunchScreen.storyboard;
			sourceTree = "<group>";
		};
/* End PBXVariantGroup section */

/* Begin XCBuildConfiguration section */
		6745512C24F2D07D000D777F /* Debug */ = {
			isa = XCBuildConfiguration;
			buildSettings = {
				ALWAYS_SEARCH_USER_PATHS = NO;
				CLANG_ANALYZER_NONNULL = YES;
				CLANG_ANALYZER_NUMBER_OBJECT_CONVERSION = YES_AGGRESSIVE;
				CLANG_CXX_LANGUAGE_STANDARD = "gnu++14";
				CLANG_CXX_LIBRARY = "libc++";
				CLANG_ENABLE_MODULES = YES;
				CLANG_ENABLE_OBJC_ARC = YES;
				CLANG_ENABLE_OBJC_WEAK = YES;
				CLANG_WARN_BLOCK_CAPTURE_AUTORELEASING = YES;
				CLANG_WARN_BOOL_CONVERSION = YES;
				CLANG_WARN_COMMA = YES;
				CLANG_WARN_CONSTANT_CONVERSION = YES;
				CLANG_WARN_DEPRECATED_OBJC_IMPLEMENTATIONS = YES;
				CLANG_WARN_DIRECT_OBJC_ISA_USAGE = YES_ERROR;
				CLANG_WARN_DOCUMENTATION_COMMENTS = YES;
				CLANG_WARN_EMPTY_BODY = YES;
				CLANG_WARN_ENUM_CONVERSION = YES;
				CLANG_WARN_INFINITE_RECURSION = YES;
				CLANG_WARN_INT_CONVERSION = YES;
				CLANG_WARN_NON_LITERAL_NULL_CONVERSION = YES;
				CLANG_WARN_OBJC_IMPLICIT_RETAIN_SELF = YES;
				CLANG_WARN_OBJC_LITERAL_CONVERSION = YES;
				CLANG_WARN_OBJC_ROOT_CLASS = YES_ERROR;
				CLANG_WARN_RANGE_LOOP_ANALYSIS = YES;
				CLANG_WARN_STRICT_PROTOTYPES = YES;
				CLANG_WARN_SUSPICIOUS_MOVE = YES;
				CLANG_WARN_UNGUARDED_AVAILABILITY = YES_AGGRESSIVE;
				CLANG_WARN_UNREACHABLE_CODE = YES;
				CLANG_WARN__DUPLICATE_METHOD_MATCH = YES;
				COPY_PHASE_STRIP = NO;
				DEBUG_INFORMATION_FORMAT = dwarf;
				ENABLE_STRICT_OBJC_MSGSEND = YES;
				ENABLE_TESTABILITY = YES;
				GCC_C_LANGUAGE_STANDARD = gnu11;
				GCC_DYNAMIC_NO_PIC = NO;
				GCC_NO_COMMON_BLOCKS = YES;
				GCC_OPTIMIZATION_LEVEL = 0;
				GCC_PREPROCESSOR_DEFINITIONS = (
					"DEBUG=1",
					"$(inherited)",
				);
				GCC_WARN_64_TO_32_BIT_CONVERSION = YES;
				GCC_WARN_ABOUT_RETURN_TYPE = YES_ERROR;
				GCC_WARN_UNDECLARED_SELECTOR = YES;
				GCC_WARN_UNINITIALIZED_AUTOS = YES_AGGRESSIVE;
				GCC_WARN_UNUSED_FUNCTION = YES;
				GCC_WARN_UNUSED_VARIABLE = YES;
				IPHONEOS_DEPLOYMENT_TARGET = 13.6;
				MTL_ENABLE_DEBUG_INFO = INCLUDE_SOURCE;
				MTL_FAST_MATH = YES;
				ONLY_ACTIVE_ARCH = YES;
				SDKROOT = iphoneos;
				SWIFT_ACTIVE_COMPILATION_CONDITIONS = DEBUG;
				SWIFT_OPTIMIZATION_LEVEL = "-Onone";
			};
			name = Debug;
		};
		6745512D24F2D07D000D777F /* Release */ = {
			isa = XCBuildConfiguration;
			buildSettings = {
				ALWAYS_SEARCH_USER_PATHS = NO;
				CLANG_ANALYZER_NONNULL = YES;
				CLANG_ANALYZER_NUMBER_OBJECT_CONVERSION = YES_AGGRESSIVE;
				CLANG_CXX_LANGUAGE_STANDARD = "gnu++14";
				CLANG_CXX_LIBRARY = "libc++";
				CLANG_ENABLE_MODULES = YES;
				CLANG_ENABLE_OBJC_ARC = YES;
				CLANG_ENABLE_OBJC_WEAK = YES;
				CLANG_WARN_BLOCK_CAPTURE_AUTORELEASING = YES;
				CLANG_WARN_BOOL_CONVERSION = YES;
				CLANG_WARN_COMMA = YES;
				CLANG_WARN_CONSTANT_CONVERSION = YES;
				CLANG_WARN_DEPRECATED_OBJC_IMPLEMENTATIONS = YES;
				CLANG_WARN_DIRECT_OBJC_ISA_USAGE = YES_ERROR;
				CLANG_WARN_DOCUMENTATION_COMMENTS = YES;
				CLANG_WARN_EMPTY_BODY = YES;
				CLANG_WARN_ENUM_CONVERSION = YES;
				CLANG_WARN_INFINITE_RECURSION = YES;
				CLANG_WARN_INT_CONVERSION = YES;
				CLANG_WARN_NON_LITERAL_NULL_CONVERSION = YES;
				CLANG_WARN_OBJC_IMPLICIT_RETAIN_SELF = YES;
				CLANG_WARN_OBJC_LITERAL_CONVERSION = YES;
				CLANG_WARN_OBJC_ROOT_CLASS = YES_ERROR;
				CLANG_WARN_RANGE_LOOP_ANALYSIS = YES;
				CLANG_WARN_STRICT_PROTOTYPES = YES;
				CLANG_WARN_SUSPICIOUS_MOVE = YES;
				CLANG_WARN_UNGUARDED_AVAILABILITY = YES_AGGRESSIVE;
				CLANG_WARN_UNREACHABLE_CODE = YES;
				CLANG_WARN__DUPLICATE_METHOD_MATCH = YES;
				COPY_PHASE_STRIP = NO;
				DEBUG_INFORMATION_FORMAT = "dwarf-with-dsym";
				ENABLE_NS_ASSERTIONS = NO;
				ENABLE_STRICT_OBJC_MSGSEND = YES;
				GCC_C_LANGUAGE_STANDARD = gnu11;
				GCC_NO_COMMON_BLOCKS = YES;
				GCC_WARN_64_TO_32_BIT_CONVERSION = YES;
				GCC_WARN_ABOUT_RETURN_TYPE = YES_ERROR;
				GCC_WARN_UNDECLARED_SELECTOR = YES;
				GCC_WARN_UNINITIALIZED_AUTOS = YES_AGGRESSIVE;
				GCC_WARN_UNUSED_FUNCTION = YES;
				GCC_WARN_UNUSED_VARIABLE = YES;
				IPHONEOS_DEPLOYMENT_TARGET = 13.6;
				MTL_ENABLE_DEBUG_INFO = NO;
				MTL_FAST_MATH = YES;
				SDKROOT = iphoneos;
				SWIFT_COMPILATION_MODE = wholemodule;
				SWIFT_OPTIMIZATION_LEVEL = "-O";
				VALIDATE_PRODUCT = YES;
			};
			name = Release;
		};
		6745512F24F2D07D000D777F /* Debug */ = {
			isa = XCBuildConfiguration;
			buildSettings = {
				ASSETCATALOG_COMPILER_APPICON_NAME = AppIcon;
				CODE_SIGN_STYLE = Automatic;
				INFOPLIST_FILE = LetsCook/Info.plist;
				LD_RUNPATH_SEARCH_PATHS = (
					"$(inherited)",
					"@executable_path/Frameworks",
				);
				PRODUCT_BUNDLE_IDENTIFIER = mi.LetsCook;
				PRODUCT_NAME = "$(TARGET_NAME)";
				SWIFT_VERSION = 5.0;
				TARGETED_DEVICE_FAMILY = "1,2";
			};
			name = Debug;
		};
		6745513024F2D07D000D777F /* Release */ = {
			isa = XCBuildConfiguration;
			buildSettings = {
				ASSETCATALOG_COMPILER_APPICON_NAME = AppIcon;
				CODE_SIGN_STYLE = Automatic;
				INFOPLIST_FILE = LetsCook/Info.plist;
				LD_RUNPATH_SEARCH_PATHS = (
					"$(inherited)",
					"@executable_path/Frameworks",
				);
				PRODUCT_BUNDLE_IDENTIFIER = mi.LetsCook;
				PRODUCT_NAME = "$(TARGET_NAME)";
				SWIFT_VERSION = 5.0;
				TARGETED_DEVICE_FAMILY = "1,2";
			};
			name = Release;
		};
		6745513224F2D07D000D777F /* Debug */ = {
			isa = XCBuildConfiguration;
			buildSettings = {
				ALWAYS_EMBED_SWIFT_STANDARD_LIBRARIES = YES;
				BUNDLE_LOADER = "$(TEST_HOST)";
				CODE_SIGN_STYLE = Automatic;
				INFOPLIST_FILE = LetsCookTests/Info.plist;
				IPHONEOS_DEPLOYMENT_TARGET = 13.6;
				LD_RUNPATH_SEARCH_PATHS = (
					"$(inherited)",
					"@executable_path/Frameworks",
					"@loader_path/Frameworks",
				);
				PRODUCT_BUNDLE_IDENTIFIER = mi.LetsCookTests;
				PRODUCT_NAME = "$(TARGET_NAME)";
				SWIFT_VERSION = 5.0;
				TARGETED_DEVICE_FAMILY = "1,2";
				TEST_HOST = "$(BUILT_PRODUCTS_DIR)/LetsCook.app/LetsCook";
			};
			name = Debug;
		};
		6745513324F2D07D000D777F /* Release */ = {
			isa = XCBuildConfiguration;
			buildSettings = {
				ALWAYS_EMBED_SWIFT_STANDARD_LIBRARIES = YES;
				BUNDLE_LOADER = "$(TEST_HOST)";
				CODE_SIGN_STYLE = Automatic;
				INFOPLIST_FILE = LetsCookTests/Info.plist;
				IPHONEOS_DEPLOYMENT_TARGET = 13.6;
				LD_RUNPATH_SEARCH_PATHS = (
					"$(inherited)",
					"@executable_path/Frameworks",
					"@loader_path/Frameworks",
				);
				PRODUCT_BUNDLE_IDENTIFIER = mi.LetsCookTests;
				PRODUCT_NAME = "$(TARGET_NAME)";
				SWIFT_VERSION = 5.0;
				TARGETED_DEVICE_FAMILY = "1,2";
				TEST_HOST = "$(BUILT_PRODUCTS_DIR)/LetsCook.app/LetsCook";
			};
			name = Release;
		};
/* End XCBuildConfiguration section */

/* Begin XCConfigurationList section */
		6745510A24F2D07D000D777F /* Build configuration list for PBXProject "LetsCook" */ = {
			isa = XCConfigurationList;
			buildConfigurations = (
				6745512C24F2D07D000D777F /* Debug */,
				6745512D24F2D07D000D777F /* Release */,
			);
			defaultConfigurationIsVisible = 0;
			defaultConfigurationName = Release;
		};
		6745512E24F2D07D000D777F /* Build configuration list for PBXNativeTarget "LetsCook" */ = {
			isa = XCConfigurationList;
			buildConfigurations = (
				6745512F24F2D07D000D777F /* Debug */,
				6745513024F2D07D000D777F /* Release */,
			);
			defaultConfigurationIsVisible = 0;
			defaultConfigurationName = Release;
		};
		6745513124F2D07D000D777F /* Build configuration list for PBXNativeTarget "LetsCookTests" */ = {
			isa = XCConfigurationList;
			buildConfigurations = (
				6745513224F2D07D000D777F /* Debug */,
				6745513324F2D07D000D777F /* Release */,
			);
			defaultConfigurationIsVisible = 0;
			defaultConfigurationName = Release;
		};
/* End XCConfigurationList section */
	};
	rootObject = 6745510724F2D07D000D777F /* Project object */;
}
